
Microsoft Visual Studio Solution File, Format Version 12.00
# Visual Studio 15
VisualStudioVersion = 15.0.28307.421
MinimumVisualStudioVersion = 10.0.40219.1
Project("{FAE04EC0-301F-11D3-BF4B-00C04F79EFBC}") = "AutomationTest", "AutomationTest\AutomationTest.csproj", "{10CE1C54-F625-4EAE-9D68-A8DD70E92A40}"
EndProject
Project("{FAE04EC0-301F-11D3-BF4B-00C04F79EFBC}") = "EntidadQA", "EntidadQA\EntidadQA.csproj", "{C5DC4EF9-CFFD-42D6-9CB2-22BACC844E93}"
EndProject
Project("{FAE04EC0-301F-11D3-BF4B-00C04F79EFBC}") = "EbayUnitTest", "EbayTest\EbayUnitTest.csproj", "{91364AFA-8DAA-456B-B830-782E76D110E0}"
EndProject
Global
	GlobalSection(SolutionConfigurationPlatforms) = preSolution
		Debug|Any CPU = Debug|Any CPU
		Release|Any CPU = Release|Any CPU
	EndGlobalSection
	GlobalSection(ProjectConfigurationPlatforms) = postSolution
		{10CE1C54-F625-4EAE-9D68-A8DD70E92A40}.Debug|Any CPU.ActiveCfg = Debug|Any CPU
		{10CE1C54-F625-4EAE-9D68-A8DD70E92A40}.Debug|Any CPU.Build.0 = Debug|Any CPU
		{10CE1C54-F625-4EAE-9D68-A8DD70E92A40}.Release|Any CPU.ActiveCfg = Release|Any CPU
		{10CE1C54-F625-4EAE-9D68-A8DD70E92A40}.Release|Any CPU.Build.0 = Release|Any CPU
		{C5DC4EF9-CFFD-42D6-9CB2-22BACC844E93}.Debug|Any CPU.ActiveCfg = Debug|Any CPU
		{C5DC4EF9-CFFD-42D6-9CB2-22BACC844E93}.Debug|Any CPU.Build.0 = Debug|Any CPU
		{C5DC4EF9-CFFD-42D6-9CB2-22BACC844E93}.Release|Any CPU.ActiveCfg = Release|Any CPU
		{C5DC4EF9-CFFD-42D6-9CB2-22BACC844E93}.Release|Any CPU.Build.0 = Release|Any CPU
		{91364AFA-8DAA-456B-B830-782E76D110E0}.Debug|Any CPU.ActiveCfg = Debug|Any CPU
		{91364AFA-8DAA-456B-B830-782E76D110E0}.Debug|Any CPU.Build.0 = Debug|Any CPU
		{91364AFA-8DAA-456B-B830-782E76D110E0}.Release|Any CPU.ActiveCfg = Release|Any CPU
		{91364AFA-8DAA-456B-B830-782E76D110E0}.Release|Any CPU.Build.0 = Release|Any CPU
	EndGlobalSection
	GlobalSection(SolutionProperties) = preSolution
		HideSolutionNode = FALSE
	EndGlobalSection
	GlobalSection(ExtensibilityGlobals) = postSolution
		SolutionGuid = {4358EA2B-C475-432E-8E17-CC5E013BE3AD}
	EndGlobalSection
EndGlobal
